
Microsoft Visual Studio Solution File, Format Version 12.00
# Visual Studio 15
VisualStudioVersion = 15.0.26730.15
MinimumVisualStudioVersion = 10.0.40219.1
Project("{FAE04EC0-301F-11D3-BF4B-00C04F79EFBC}") = "ForumPWA", "ForumPWA\ForumPWA.csproj", "{8BDADE49-22A2-4112-B518-9CD42B6C8FC7}"
EndProject
Global
	GlobalSection(SolutionConfigurationPlatforms) = preSolution
		Debug|Any CPU = Debug|Any CPU
		Release|Any CPU = Release|Any CPU
	EndGlobalSection
	GlobalSection(ProjectConfigurationPlatforms) = postSolution
		{8BDADE49-22A2-4112-B518-9CD42B6C8FC7}.Debug|Any CPU.ActiveCfg = Debug|Any CPU
		{8BDADE49-22A2-4112-B518-9CD42B6C8FC7}.Debug|Any CPU.Build.0 = Debug|Any CPU
		{8BDADE49-22A2-4112-B518-9CD42B6C8FC7}.Release|Any CPU.ActiveCfg = Release|Any CPU
		{8BDADE49-22A2-4112-B518-9CD42B6C8FC7}.Release|Any CPU.Build.0 = Release|Any CPU
	EndGlobalSection
	GlobalSection(SolutionProperties) = preSolution
		HideSolutionNode = FALSE
	EndGlobalSection
	GlobalSection(ExtensibilityGlobals) = postSolution
		SolutionGuid = {FA23F302-D103-4B01-A013-B331ECB67C7E}
	EndGlobalSection
EndGlobal
